
Microsoft Visual Studio Solution File, Format Version 12.00
# Visual Studio Version 16
VisualStudioVersion = 16.0.31515.178
MinimumVisualStudioVersion = 10.0.40219.1
Project("{FAE04EC0-301F-11D3-BF4B-00C04F79EFBC}") = "SVCBUSClnt", "SVCBUSClnt.csproj", "{D91F8FAF-DAC1-4116-B8CC-E80961040628}"
EndProject
Global
	GlobalSection(SolutionConfigurationPlatforms) = preSolution
		Debug|Any CPU = Debug|Any CPU
		Release|Any CPU = Release|Any CPU
	EndGlobalSection
	GlobalSection(ProjectConfigurationPlatforms) = postSolution
		{D91F8FAF-DAC1-4116-B8CC-E80961040628}.Debug|Any CPU.ActiveCfg = Debug|Any CPU
		{D91F8FAF-DAC1-4116-B8CC-E80961040628}.Debug|Any CPU.Build.0 = Debug|Any CPU
		{D91F8FAF-DAC1-4116-B8CC-E80961040628}.Release|Any CPU.ActiveCfg = Release|Any CPU
		{D91F8FAF-DAC1-4116-B8CC-E80961040628}.Release|Any CPU.Build.0 = Release|Any CPU
	EndGlobalSection
	GlobalSection(SolutionProperties) = preSolution
		HideSolutionNode = FALSE
	EndGlobalSection
	GlobalSection(ExtensibilityGlobals) = postSolution
		SolutionGuid = {3FC4DBE0-9510-4133-A319-F5961449B281}
	EndGlobalSection
EndGlobal
