
Microsoft Visual Studio Solution File, Format Version 12.00
# Visual Studio Version 16
VisualStudioVersion = 16.0.31515.178
MinimumVisualStudioVersion = 10.0.40219.1
Project("{FAE04EC0-301F-11D3-BF4B-00C04F79EFBC}") = "FNAPPSVCBUS", "FNAPPSVCBUS.csproj", "{9908CF30-ED25-4620-9A67-3E9A054CD059}"
EndProject
Global
	GlobalSection(SolutionConfigurationPlatforms) = preSolution
		Debug|Any CPU = Debug|Any CPU
		Release|Any CPU = Release|Any CPU
	EndGlobalSection
	GlobalSection(ProjectConfigurationPlatforms) = postSolution
		{9908CF30-ED25-4620-9A67-3E9A054CD059}.Debug|Any CPU.ActiveCfg = Debug|Any CPU
		{9908CF30-ED25-4620-9A67-3E9A054CD059}.Debug|Any CPU.Build.0 = Debug|Any CPU
		{9908CF30-ED25-4620-9A67-3E9A054CD059}.Release|Any CPU.ActiveCfg = Release|Any CPU
		{9908CF30-ED25-4620-9A67-3E9A054CD059}.Release|Any CPU.Build.0 = Release|Any CPU
	EndGlobalSection
	GlobalSection(SolutionProperties) = preSolution
		HideSolutionNode = FALSE
	EndGlobalSection
	GlobalSection(ExtensibilityGlobals) = postSolution
		SolutionGuid = {140E2BA2-EC4F-406F-BA2D-92C802D449C3}
	EndGlobalSection
EndGlobal
