
Microsoft Visual Studio Solution File, Format Version 12.00
# Visual Studio Version 16
VisualStudioVersion = 16.0.31515.178
MinimumVisualStudioVersion = 10.0.40219.1
Project("{FAE04EC0-301F-11D3-BF4B-00C04F79EFBC}") = "Api1", "Api1\Api1.csproj", "{E10EC052-D357-4EB7-8FDB-460A7BDEDD3F}"
EndProject
Project("{FAE04EC0-301F-11D3-BF4B-00C04F79EFBC}") = "Api2", "Api2\Api2.csproj", "{9334DD51-2AB8-4696-BE89-EA570DBF5F45}"
EndProject
Project("{E53339B2-1760-4266-BCC7-CA923CBCF16C}") = "docker-compose", "docker-compose.dcproj", "{497C418F-5A71-4836-8318-8F3CB209B09A}"
EndProject
Global
	GlobalSection(SolutionConfigurationPlatforms) = preSolution
		Debug|Any CPU = Debug|Any CPU
		Release|Any CPU = Release|Any CPU
	EndGlobalSection
	GlobalSection(ProjectConfigurationPlatforms) = postSolution
		{E10EC052-D357-4EB7-8FDB-460A7BDEDD3F}.Debug|Any CPU.ActiveCfg = Debug|Any CPU
		{E10EC052-D357-4EB7-8FDB-460A7BDEDD3F}.Debug|Any CPU.Build.0 = Debug|Any CPU
		{E10EC052-D357-4EB7-8FDB-460A7BDEDD3F}.Release|Any CPU.ActiveCfg = Release|Any CPU
		{E10EC052-D357-4EB7-8FDB-460A7BDEDD3F}.Release|Any CPU.Build.0 = Release|Any CPU
		{9334DD51-2AB8-4696-BE89-EA570DBF5F45}.Debug|Any CPU.ActiveCfg = Debug|Any CPU
		{9334DD51-2AB8-4696-BE89-EA570DBF5F45}.Debug|Any CPU.Build.0 = Debug|Any CPU
		{9334DD51-2AB8-4696-BE89-EA570DBF5F45}.Release|Any CPU.ActiveCfg = Release|Any CPU
		{9334DD51-2AB8-4696-BE89-EA570DBF5F45}.Release|Any CPU.Build.0 = Release|Any CPU
		{497C418F-5A71-4836-8318-8F3CB209B09A}.Debug|Any CPU.ActiveCfg = Debug|Any CPU
		{497C418F-5A71-4836-8318-8F3CB209B09A}.Debug|Any CPU.Build.0 = Debug|Any CPU
		{497C418F-5A71-4836-8318-8F3CB209B09A}.Release|Any CPU.ActiveCfg = Release|Any CPU
		{497C418F-5A71-4836-8318-8F3CB209B09A}.Release|Any CPU.Build.0 = Release|Any CPU
	EndGlobalSection
	GlobalSection(SolutionProperties) = preSolution
		HideSolutionNode = FALSE
	EndGlobalSection
	GlobalSection(ExtensibilityGlobals) = postSolution
		SolutionGuid = {A5BA6404-56B8-48B4-B160-AC1B8B8910A6}
	EndGlobalSection
EndGlobal
